
Microsoft Visual Studio Solution File, Format Version 12.00
# Visual Studio Version 16
VisualStudioVersion = 16.0.33927.289
MinimumVisualStudioVersion = 10.0.40219.1
Project("{8BC9CEB8-8B4A-11D0-8D11-00A0C91BC942}") = "Singleton", "Singleton.vcxproj", "{C6C2F26B-E30A-4F26-ABDC-1EE89DD7483D}"
EndProject
Global
	GlobalSection(SolutionConfigurationPlatforms) = preSolution
		Debug|x64 = Debug|x64
		Debug|x86 = Debug|x86
		Release|x64 = Release|x64
		Release|x86 = Release|x86
	EndGlobalSection
	GlobalSection(ProjectConfigurationPlatforms) = postSolution
		{C6C2F26B-E30A-4F26-ABDC-1EE89DD7483D}.Debug|x64.ActiveCfg = Debug|x64
		{C6C2F26B-E30A-4F26-ABDC-1EE89DD7483D}.Debug|x64.Build.0 = Debug|x64
		{C6C2F26B-E30A-4F26-ABDC-1EE89DD7483D}.Debug|x86.ActiveCfg = Debug|Win32
		{C6C2F26B-E30A-4F26-ABDC-1EE89DD7483D}.Debug|x86.Build.0 = Debug|Win32
		{C6C2F26B-E30A-4F26-ABDC-1EE89DD7483D}.Release|x64.ActiveCfg = Release|x64
		{C6C2F26B-E30A-4F26-ABDC-1EE89DD7483D}.Release|x64.Build.0 = Release|x64
		{C6C2F26B-E30A-4F26-ABDC-1EE89DD7483D}.Release|x86.ActiveCfg = Release|Win32
		{C6C2F26B-E30A-4F26-ABDC-1EE89DD7483D}.Release|x86.Build.0 = Release|Win32
	EndGlobalSection
	GlobalSection(SolutionProperties) = preSolution
		HideSolutionNode = FALSE
	EndGlobalSection
	GlobalSection(ExtensibilityGlobals) = postSolution
		SolutionGuid = {00360EAD-AB2C-4104-884E-9D3E90C3E836}
	EndGlobalSection
EndGlobal
